// !$*UTF8*$!
{
	archiveVersion = 1;
	classes = {
	};
	objectVersion = 56;
	objects = {

/* Begin PBXBuildFile section */
		FB9355042BB2F2E700105AA0 /* AppDelegate.swift in Sources */ = {isa = PBXBuildFile; fileRef = FB9355032BB2F2E700105AA0 /* AppDelegate.swift */; };
		FB9355062BB2F2E700105AA0 /* SceneDelegate.swift in Sources */ = {isa = PBXBuildFile; fileRef = FB9355052BB2F2E700105AA0 /* SceneDelegate.swift */; };
		FB93550D2BB2F2E900105AA0 /* Assets.xcassets in Resources */ = {isa = PBXBuildFile; fileRef = FB93550C2BB2F2E900105AA0 /* Assets.xcassets */; };
		FB9355102BB2F2E900105AA0 /* Base in Resources */ = {isa = PBXBuildFile; fileRef = FB93550F2BB2F2E900105AA0 /* Base */; };
		FB93551B2BB2F47E00105AA0 /* ServicesListViewController.swift in Sources */ = {isa = PBXBuildFile; fileRef = FB93551A2BB2F47E00105AA0 /* ServicesListViewController.swift */; };
		FB9355202BB2F92300105AA0 /* Services.swift in Sources */ = {isa = PBXBuildFile; fileRef = FB93551F2BB2F92300105AA0 /* Services.swift */; };
		FB9355222BB2F95B00105AA0 /* ServicesListViewModel.swift in Sources */ = {isa = PBXBuildFile; fileRef = FB9355212BB2F95B00105AA0 /* ServicesListViewModel.swift */; };
		FB9355252BB2F9DB00105AA0 /* NetworkManager.swift in Sources */ = {isa = PBXBuildFile; fileRef = FB9355242BB2F9DB00105AA0 /* NetworkManager.swift */; };
		FB93552C2BB2FB1500105AA0 /* SnapKit in Frameworks */ = {isa = PBXBuildFile; productRef = FB93552B2BB2FB1500105AA0 /* SnapKit */; };
		FB93552E2BB2FB1500105AA0 /* SnapKit-Dynamic in Frameworks */ = {isa = PBXBuildFile; productRef = FB93552D2BB2FB1500105AA0 /* SnapKit-Dynamic */; };
		FB9355362BB2FE8000105AA0 /* ServiceTableViewCell.swift in Sources */ = {isa = PBXBuildFile; fileRef = FB9355352BB2FE8000105AA0 /* ServiceTableViewCell.swift */; };
		FB9355392BB37E5F00105AA0 /* ServicesListTableView.swift in Sources */ = {isa = PBXBuildFile; fileRef = FB9355382BB37E5F00105AA0 /* ServicesListTableView.swift */; };
/* End PBXBuildFile section */

/* Begin PBXFileReference section */
		FB9355002BB2F2E700105AA0 /* VkTestApp.app */ = {isa = PBXFileReference; explicitFileType = wrapper.application; includeInIndex = 0; path = VkTestApp.app; sourceTree = BUILT_PRODUCTS_DIR; };
		FB9355032BB2F2E700105AA0 /* AppDelegate.swift */ = {isa = PBXFileReference; lastKnownFileType = sourcecode.swift; path = AppDelegate.swift; sourceTree = "<group>"; };
		FB9355052BB2F2E700105AA0 /* SceneDelegate.swift */ = {isa = PBXFileReference; lastKnownFileType = sourcecode.swift; path = SceneDelegate.swift; sourceTree = "<group>"; };
		FB93550C2BB2F2E900105AA0 /* Assets.xcassets */ = {isa = PBXFileReference; lastKnownFileType = folder.assetcatalog; path = Assets.xcassets; sourceTree = "<group>"; };
		FB93550F2BB2F2E900105AA0 /* Base */ = {isa = PBXFileReference; lastKnownFileType = file.storyboard; name = Base; path = Base.lproj/LaunchScreen.storyboard; sourceTree = "<group>"; };
		FB9355112BB2F2E900105AA0 /* Info.plist */ = {isa = PBXFileReference; lastKnownFileType = text.plist.xml; path = Info.plist; sourceTree = "<group>"; };
		FB93551A2BB2F47E00105AA0 /* ServicesListViewController.swift */ = {isa = PBXFileReference; lastKnownFileType = sourcecode.swift; path = ServicesListViewController.swift; sourceTree = "<group>"; };
		FB93551F2BB2F92300105AA0 /* Services.swift */ = {isa = PBXFileReference; lastKnownFileType = sourcecode.swift; path = Services.swift; sourceTree = "<group>"; };
		FB9355212BB2F95B00105AA0 /* ServicesListViewModel.swift */ = {isa = PBXFileReference; lastKnownFileType = sourcecode.swift; path = ServicesListViewModel.swift; sourceTree = "<group>"; };
		FB9355242BB2F9DB00105AA0 /* NetworkManager.swift */ = {isa = PBXFileReference; lastKnownFileType = sourcecode.swift; path = NetworkManager.swift; sourceTree = "<group>"; };
		FB9355352BB2FE8000105AA0 /* ServiceTableViewCell.swift */ = {isa = PBXFileReference; lastKnownFileType = sourcecode.swift; path = ServiceTableViewCell.swift; sourceTree = "<group>"; };
		FB9355382BB37E5F00105AA0 /* ServicesListTableView.swift */ = {isa = PBXFileReference; lastKnownFileType = sourcecode.swift; path = ServicesListTableView.swift; sourceTree = "<group>"; };
/* End PBXFileReference section */

/* Begin PBXFrameworksBuildPhase section */
		FB9354FD2BB2F2E700105AA0 /* Frameworks */ = {
			isa = PBXFrameworksBuildPhase;
			buildActionMask = 2147483647;
			files = (
				FB93552C2BB2FB1500105AA0 /* SnapKit in Frameworks */,
				FB93552E2BB2FB1500105AA0 /* SnapKit-Dynamic in Frameworks */,
			);
			runOnlyForDeploymentPostprocessing = 0;
		};
/* End PBXFrameworksBuildPhase section */

/* Begin PBXGroup section */
		FB9354F72BB2F2E700105AA0 = {
			isa = PBXGroup;
			children = (
				FB9355022BB2F2E700105AA0 /* VkTestApp */,
				FB9355012BB2F2E700105AA0 /* Products */,
			);
			sourceTree = "<group>";
		};
		FB9355012BB2F2E700105AA0 /* Products */ = {
			isa = PBXGroup;
			children = (
				FB9355002BB2F2E700105AA0 /* VkTestApp.app */,
			);
			name = Products;
			sourceTree = "<group>";
		};
		FB9355022BB2F2E700105AA0 /* VkTestApp */ = {
			isa = PBXGroup;
			children = (
				FB9355232BB2F9C700105AA0 /* Services */,
				FB9355172BB2F3D200105AA0 /* App  */,
				FB9355192BB2F41600105AA0 /* ServicesListViewController */,
				FB9355182BB2F3EB00105AA0 /* Resources */,
			);
			path = VkTestApp;
			sourceTree = "<group>";
		};
		FB9355172BB2F3D200105AA0 /* App  */ = {
			isa = PBXGroup;
			children = (
				FB9355032BB2F2E700105AA0 /* AppDelegate.swift */,
				FB9355052BB2F2E700105AA0 /* SceneDelegate.swift */,
			);
			path = "App ";
			sourceTree = "<group>";
		};
		FB9355182BB2F3EB00105AA0 /* Resources */ = {
			isa = PBXGroup;
			children = (
				FB93550C2BB2F2E900105AA0 /* Assets.xcassets */,
				FB93550E2BB2F2E900105AA0 /* LaunchScreen.storyboard */,
				FB9355112BB2F2E900105AA0 /* Info.plist */,
			);
			path = Resources;
			sourceTree = "<group>";
		};
		FB9355192BB2F41600105AA0 /* ServicesListViewController */ = {
			isa = PBXGroup;
			children = (
				FB93551E2BB2F91400105AA0 /* Model */,
				FB93551D2BB2F90C00105AA0 /* ViewModel */,
				FB93551C2BB2F90500105AA0 /* View */,
			);
			path = ServicesListViewController;
			sourceTree = "<group>";
		};
		FB93551C2BB2F90500105AA0 /* View */ = {
			isa = PBXGroup;
			children = (
				FB93551A2BB2F47E00105AA0 /* ServicesListViewController.swift */,
				FB9355382BB37E5F00105AA0 /* ServicesListTableView.swift */,
				FB9355342BB2FE6000105AA0 /* Views */,
			);
			path = View;
			sourceTree = "<group>";
		};
		FB93551D2BB2F90C00105AA0 /* ViewModel */ = {
			isa = PBXGroup;
			children = (
				FB9355212BB2F95B00105AA0 /* ServicesListViewModel.swift */,
			);
			path = ViewModel;
			sourceTree = "<group>";
		};
		FB93551E2BB2F91400105AA0 /* Model */ = {
			isa = PBXGroup;
			children = (
				FB93551F2BB2F92300105AA0 /* Services.swift */,
			);
			path = Model;
			sourceTree = "<group>";
		};
		FB9355232BB2F9C700105AA0 /* Services */ = {
			isa = PBXGroup;
			children = (
				FB9355242BB2F9DB00105AA0 /* NetworkManager.swift */,
			);
			path = Services;
			sourceTree = "<group>";
		};
		FB9355342BB2FE6000105AA0 /* Views */ = {
			isa = PBXGroup;
			children = (
				FB9355352BB2FE8000105AA0 /* ServiceTableViewCell.swift */,
			);
			path = Views;
			sourceTree = "<group>";
		};
/* End PBXGroup section */

/* Begin PBXNativeTarget section */
		FB9354FF2BB2F2E700105AA0 /* VkTestApp */ = {
			isa = PBXNativeTarget;
			buildConfigurationList = FB9355142BB2F2E900105AA0 /* Build configuration list for PBXNativeTarget "VkTestApp" */;
			buildPhases = (
				FB9354FC2BB2F2E700105AA0 /* Sources */,
				FB9354FD2BB2F2E700105AA0 /* Frameworks */,
				FB9354FE2BB2F2E700105AA0 /* Resources */,
			);
			buildRules = (
			);
			dependencies = (
			);
			name = VkTestApp;
			packageProductDependencies = (
				FB93552B2BB2FB1500105AA0 /* SnapKit */,
				FB93552D2BB2FB1500105AA0 /* SnapKit-Dynamic */,
			);
			productName = VkTestApp;
			productReference = FB9355002BB2F2E700105AA0 /* VkTestApp.app */;
			productType = "com.apple.product-type.application";
		};
/* End PBXNativeTarget section */

/* Begin PBXProject section */
		FB9354F82BB2F2E700105AA0 /* Project object */ = {
			isa = PBXProject;
			attributes = {
				BuildIndependentTargetsInParallel = 1;
				LastSwiftUpdateCheck = 1530;
				LastUpgradeCheck = 1530;
				TargetAttributes = {
					FB9354FF2BB2F2E700105AA0 = {
						CreatedOnToolsVersion = 15.3;
					};
				};
			};
			buildConfigurationList = FB9354FB2BB2F2E700105AA0 /* Build configuration list for PBXProject "VkTestApp" */;
			compatibilityVersion = "Xcode 14.0";
			developmentRegion = en;
			hasScannedForEncodings = 0;
			knownRegions = (
				en,
				Base,
			);
			mainGroup = FB9354F72BB2F2E700105AA0;
			packageReferences = (
				FB93552A2BB2FB1500105AA0 /* XCRemoteSwiftPackageReference "SnapKit" */,
			);
			productRefGroup = FB9355012BB2F2E700105AA0 /* Products */;
			projectDirPath = "";
			projectRoot = "";
			targets = (
				FB9354FF2BB2F2E700105AA0 /* VkTestApp */,
			);
		};
/* End PBXProject section */

/* Begin PBXResourcesBuildPhase section */
		FB9354FE2BB2F2E700105AA0 /* Resources */ = {
			isa = PBXResourcesBuildPhase;
			buildActionMask = 2147483647;
			files = (
				FB93550D2BB2F2E900105AA0 /* Assets.xcassets in Resources */,
				FB9355102BB2F2E900105AA0 /* Base in Resources */,
			);
			runOnlyForDeploymentPostprocessing = 0;
		};
/* End PBXResourcesBuildPhase section */

/* Begin PBXSourcesBuildPhase section */
		FB9354FC2BB2F2E700105AA0 /* Sources */ = {
			isa = PBXSourcesBuildPhase;
			buildActionMask = 2147483647;
			files = (
				FB9355042BB2F2E700105AA0 /* AppDelegate.swift in Sources */,
				FB9355392BB37E5F00105AA0 /* ServicesListTableView.swift in Sources */,
				FB9355222BB2F95B00105AA0 /* ServicesListViewModel.swift in Sources */,
				FB9355202BB2F92300105AA0 /* Services.swift in Sources */,
				FB93551B2BB2F47E00105AA0 /* ServicesListViewController.swift in Sources */,
				FB9355062BB2F2E700105AA0 /* SceneDelegate.swift in Sources */,
				FB9355252BB2F9DB00105AA0 /* NetworkManager.swift in Sources */,
				FB9355362BB2FE8000105AA0 /* ServiceTableViewCell.swift in Sources */,
			);
			runOnlyForDeploymentPostprocessing = 0;
		};
/* End PBXSourcesBuildPhase section */

/* Begin PBXVariantGroup section */
		FB93550E2BB2F2E900105AA0 /* LaunchScreen.storyboard */ = {
			isa = PBXVariantGroup;
			children = (
				FB93550F2BB2F2E900105AA0 /* Base */,
			);
			name = LaunchScreen.storyboard;
			sourceTree = "<group>";
		};
/* End PBXVariantGroup section */

/* Begin XCBuildConfiguration section */
		FB9355122BB2F2E900105AA0 /* Debug */ = {
			isa = XCBuildConfiguration;
			buildSettings = {
				ALWAYS_SEARCH_USER_PATHS = NO;
				ASSETCATALOG_COMPILER_GENERATE_SWIFT_ASSET_SYMBOL_EXTENSIONS = YES;
				CLANG_ANALYZER_NONNULL = YES;
				CLANG_ANALYZER_NUMBER_OBJECT_CONVERSION = YES_AGGRESSIVE;
				CLANG_CXX_LANGUAGE_STANDARD = "gnu++20";
				CLANG_ENABLE_MODULES = YES;
				CLANG_ENABLE_OBJC_ARC = YES;
				CLANG_ENABLE_OBJC_WEAK = YES;
				CLANG_WARN_BLOCK_CAPTURE_AUTORELEASING = YES;
				CLANG_WARN_BOOL_CONVERSION = YES;
				CLANG_WARN_COMMA = YES;
				CLANG_WARN_CONSTANT_CONVERSION = YES;
				CLANG_WARN_DEPRECATED_OBJC_IMPLEMENTATIONS = YES;
				CLANG_WARN_DIRECT_OBJC_ISA_USAGE = YES_ERROR;
				CLANG_WARN_DOCUMENTATION_COMMENTS = YES;
				CLANG_WARN_EMPTY_BODY = YES;
				CLANG_WARN_ENUM_CONVERSION = YES;
				CLANG_WARN_INFINITE_RECURSION = YES;
				CLANG_WARN_INT_CONVERSION = YES;
				CLANG_WARN_NON_LITERAL_NULL_CONVERSION = YES;
				CLANG_WARN_OBJC_IMPLICIT_RETAIN_SELF = YES;
				CLANG_WARN_OBJC_LITERAL_CONVERSION = YES;
				CLANG_WARN_OBJC_ROOT_CLASS = YES_ERROR;
				CLANG_WARN_QUOTED_INCLUDE_IN_FRAMEWORK_HEADER = YES;
				CLANG_WARN_RANGE_LOOP_ANALYSIS = YES;
				CLANG_WARN_STRICT_PROTOTYPES = YES;
				CLANG_WARN_SUSPICIOUS_MOVE = YES;
				CLANG_WARN_UNGUARDED_AVAILABILITY = YES_AGGRESSIVE;
				CLANG_WARN_UNREACHABLE_CODE = YES;
				CLANG_WARN__DUPLICATE_METHOD_MATCH = YES;
				COPY_PHASE_STRIP = NO;
				DEBUG_INFORMATION_FORMAT = dwarf;
				ENABLE_STRICT_OBJC_MSGSEND = YES;
				ENABLE_TESTABILITY = YES;
				ENABLE_USER_SCRIPT_SANDBOXING = YES;
				GCC_C_LANGUAGE_STANDARD = gnu17;
				GCC_DYNAMIC_NO_PIC = NO;
				GCC_NO_COMMON_BLOCKS = YES;
				GCC_OPTIMIZATION_LEVEL = 0;
				GCC_PREPROCESSOR_DEFINITIONS = (
					"DEBUG=1",
					"$(inherited)",
				);
				GCC_WARN_64_TO_32_BIT_CONVERSION = YES;
				GCC_WARN_ABOUT_RETURN_TYPE = YES_ERROR;
				GCC_WARN_UNDECLARED_SELECTOR = YES;
				GCC_WARN_UNINITIALIZED_AUTOS = YES_AGGRESSIVE;
				GCC_WARN_UNUSED_FUNCTION = YES;
				GCC_WARN_UNUSED_VARIABLE = YES;
				IPHONEOS_DEPLOYMENT_TARGET = 17.4;
				LOCALIZATION_PREFERS_STRING_CATALOGS = YES;
				MTL_ENABLE_DEBUG_INFO = INCLUDE_SOURCE;
				MTL_FAST_MATH = YES;
				ONLY_ACTIVE_ARCH = YES;
				SDKROOT = iphoneos;
				SWIFT_ACTIVE_COMPILATION_CONDITIONS = "DEBUG $(inherited)";
				SWIFT_OPTIMIZATION_LEVEL = "-Onone";
			};
			name = Debug;
		};
		FB9355132BB2F2E900105AA0 /* Release */ = {
			isa = XCBuildConfiguration;
			buildSettings = {
				ALWAYS_SEARCH_USER_PATHS = NO;
				ASSETCATALOG_COMPILER_GENERATE_SWIFT_ASSET_SYMBOL_EXTENSIONS = YES;
				CLANG_ANALYZER_NONNULL = YES;
				CLANG_ANALYZER_NUMBER_OBJECT_CONVERSION = YES_AGGRESSIVE;
				CLANG_CXX_LANGUAGE_STANDARD = "gnu++20";
				CLANG_ENABLE_MODULES = YES;
				CLANG_ENABLE_OBJC_ARC = YES;
				CLANG_ENABLE_OBJC_WEAK = YES;
				CLANG_WARN_BLOCK_CAPTURE_AUTORELEASING = YES;
				CLANG_WARN_BOOL_CONVERSION = YES;
				CLANG_WARN_COMMA = YES;
				CLANG_WARN_CONSTANT_CONVERSION = YES;
				CLANG_WARN_DEPRECATED_OBJC_IMPLEMENTATIONS = YES;
				CLANG_WARN_DIRECT_OBJC_ISA_USAGE = YES_ERROR;
				CLANG_WARN_DOCUMENTATION_COMMENTS = YES;
				CLANG_WARN_EMPTY_BODY = YES;
				CLANG_WARN_ENUM_CONVERSION = YES;
				CLANG_WARN_INFINITE_RECURSION = YES;
				CLANG_WARN_INT_CONVERSION = YES;
				CLANG_WARN_NON_LITERAL_NULL_CONVERSION = YES;
				CLANG_WARN_OBJC_IMPLICIT_RETAIN_SELF = YES;
				CLANG_WARN_OBJC_LITERAL_CONVERSION = YES;
				CLANG_WARN_OBJC_ROOT_CLASS = YES_ERROR;
				CLANG_WARN_QUOTED_INCLUDE_IN_FRAMEWORK_HEADER = YES;
				CLANG_WARN_RANGE_LOOP_ANALYSIS = YES;
				CLANG_WARN_STRICT_PROTOTYPES = YES;
				CLANG_WARN_SUSPICIOUS_MOVE = YES;
				CLANG_WARN_UNGUARDED_AVAILABILITY = YES_AGGRESSIVE;
				CLANG_WARN_UNREACHABLE_CODE = YES;
				CLANG_WARN__DUPLICATE_METHOD_MATCH = YES;
				COPY_PHASE_STRIP = NO;
				DEBUG_INFORMATION_FORMAT = "dwarf-with-dsym";
				ENABLE_NS_ASSERTIONS = NO;
				ENABLE_STRICT_OBJC_MSGSEND = YES;
				ENABLE_USER_SCRIPT_SANDBOXING = YES;
				GCC_C_LANGUAGE_STANDARD = gnu17;
				GCC_NO_COMMON_BLOCKS = YES;
				GCC_WARN_64_TO_32_BIT_CONVERSION = YES;
				GCC_WARN_ABOUT_RETURN_TYPE = YES_ERROR;
				GCC_WARN_UNDECLARED_SELECTOR = YES;
				GCC_WARN_UNINITIALIZED_AUTOS = YES_AGGRESSIVE;
				GCC_WARN_UNUSED_FUNCTION = YES;
				GCC_WARN_UNUSED_VARIABLE = YES;
				IPHONEOS_DEPLOYMENT_TARGET = 17.4;
				LOCALIZATION_PREFERS_STRING_CATALOGS = YES;
				MTL_ENABLE_DEBUG_INFO = NO;
				MTL_FAST_MATH = YES;
				SDKROOT = iphoneos;
				SWIFT_COMPILATION_MODE = wholemodule;
				VALIDATE_PRODUCT = YES;
			};
			name = Release;
		};
		FB9355152BB2F2E900105AA0 /* Debug */ = {
			isa = XCBuildConfiguration;
			buildSettings = {
				ASSETCATALOG_COMPILER_APPICON_NAME = AppIcon;
				ASSETCATALOG_COMPILER_GLOBAL_ACCENT_COLOR_NAME = AccentColor;
				CODE_SIGN_IDENTITY = "Apple Development";
				CODE_SIGN_STYLE = Automatic;
				CURRENT_PROJECT_VERSION = 1;
				DEVELOPMENT_TEAM = ZLB9G9TZ63;
				GENERATE_INFOPLIST_FILE = YES;
				INFOPLIST_FILE = VkTestApp/Resources/Info.plist;
				INFOPLIST_KEY_UIApplicationSupportsIndirectInputEvents = YES;
				INFOPLIST_KEY_UILaunchStoryboardName = LaunchScreen;
				INFOPLIST_KEY_UIMainStoryboardFile = "";
				INFOPLIST_KEY_UISupportedInterfaceOrientations = UIInterfaceOrientationPortrait;
				INFOPLIST_KEY_UISupportedInterfaceOrientations_iPad = "UIInterfaceOrientationLandscapeLeft UIInterfaceOrientationLandscapeRight UIInterfaceOrientationPortrait UIInterfaceOrientationPortraitUpsideDown";
				LD_RUNPATH_SEARCH_PATHS = (
					"$(inherited)",
					"@executable_path/Frameworks",
				);
				MARKETING_VERSION = 1.0;
				PRODUCT_BUNDLE_IDENTIFIER = ankh.VkTestApp;
				PRODUCT_NAME = "$(TARGET_NAME)";
				PROVISIONING_PROFILE_SPECIFIER = "";
				SUPPORTED_PLATFORMS = "iphoneos iphonesimulator";
				SUPPORTS_MACCATALYST = NO;
				SUPPORTS_MAC_DESIGNED_FOR_IPHONE_IPAD = NO;
				SUPPORTS_XR_DESIGNED_FOR_IPHONE_IPAD = NO;
				SWIFT_EMIT_LOC_STRINGS = YES;
				SWIFT_VERSION = 5.0;
				TARGETED_DEVICE_FAMILY = 1;
			};
			name = Debug;
		};
		FB9355162BB2F2E900105AA0 /* Release */ = {
			isa = XCBuildConfiguration;
			buildSettings = {
				ASSETCATALOG_COMPILER_APPICON_NAME = AppIcon;
				ASSETCATALOG_COMPILER_GLOBAL_ACCENT_COLOR_NAME = AccentColor;
				CODE_SIGN_IDENTITY = "Apple Development";
				CODE_SIGN_STYLE = Automatic;
				CURRENT_PROJECT_VERSION = 1;
				DEVELOPMENT_TEAM = ZLB9G9TZ63;
				GENERATE_INFOPLIST_FILE = YES;
				INFOPLIST_FILE = VkTestApp/Resources/Info.plist;
				INFOPLIST_KEY_UIApplicationSupportsIndirectInputEvents = YES;
				INFOPLIST_KEY_UILaunchStoryboardName = LaunchScreen;
				INFOPLIST_KEY_UIMainStoryboardFile = "";
				INFOPLIST_KEY_UISupportedInterfaceOrientations = UIInterfaceOrientationPortrait;
				INFOPLIST_KEY_UISupportedInterfaceOrientations_iPad = "UIInterfaceOrientationLandscapeLeft UIInterfaceOrientationLandscapeRight UIInterfaceOrientationPortrait UIInterfaceOrientationPortraitUpsideDown";
				LD_RUNPATH_SEARCH_PATHS = (
					"$(inherited)",
					"@executable_path/Frameworks",
				);
				MARKETING_VERSION = 1.0;
				PRODUCT_BUNDLE_IDENTIFIER = ankh.VkTestApp;
				PRODUCT_NAME = "$(TARGET_NAME)";
				PROVISIONING_PROFILE_SPECIFIER = "";
				SUPPORTED_PLATFORMS = "iphoneos iphonesimulator";
				SUPPORTS_MACCATALYST = NO;
				SUPPORTS_MAC_DESIGNED_FOR_IPHONE_IPAD = NO;
				SUPPORTS_XR_DESIGNED_FOR_IPHONE_IPAD = NO;
				SWIFT_EMIT_LOC_STRINGS = YES;
				SWIFT_VERSION = 5.0;
				TARGETED_DEVICE_FAMILY = 1;
			};
			name = Release;
		};
/* End XCBuildConfiguration section */

/* Begin XCConfigurationList section */
		FB9354FB2BB2F2E700105AA0 /* Build configuration list for PBXProject "VkTestApp" */ = {
			isa = XCConfigurationList;
			buildConfigurations = (
				FB9355122BB2F2E900105AA0 /* Debug */,
				FB9355132BB2F2E900105AA0 /* Release */,
			);
			defaultConfigurationIsVisible = 0;
			defaultConfigurationName = Release;
		};
		FB9355142BB2F2E900105AA0 /* Build configuration list for PBXNativeTarget "VkTestApp" */ = {
			isa = XCConfigurationList;
			buildConfigurations = (
				FB9355152BB2F2E900105AA0 /* Debug */,
				FB9355162BB2F2E900105AA0 /* Release */,
			);
			defaultConfigurationIsVisible = 0;
			defaultConfigurationName = Release;
		};
/* End XCConfigurationList section */

/* Begin XCRemoteSwiftPackageReference section */
		FB93552A2BB2FB1500105AA0 /* XCRemoteSwiftPackageReference "SnapKit" */ = {
			isa = XCRemoteSwiftPackageReference;
			repositoryURL = "https://github.com/SnapKit/SnapKit";
			requirement = {
				kind = upToNextMajorVersion;
				minimumVersion = 5.7.1;
			};
		};
/* End XCRemoteSwiftPackageReference section */

/* Begin XCSwiftPackageProductDependency section */
		FB93552B2BB2FB1500105AA0 /* SnapKit */ = {
			isa = XCSwiftPackageProductDependency;
			package = FB93552A2BB2FB1500105AA0 /* XCRemoteSwiftPackageReference "SnapKit" */;
			productName = SnapKit;
		};
		FB93552D2BB2FB1500105AA0 /* SnapKit-Dynamic */ = {
			isa = XCSwiftPackageProductDependency;
			package = FB93552A2BB2FB1500105AA0 /* XCRemoteSwiftPackageReference "SnapKit" */;
			productName = "SnapKit-Dynamic";
		};
/* End XCSwiftPackageProductDependency section */
	};
	rootObject = FB9354F82BB2F2E700105AA0 /* Project object */;
}
